// !$*UTF8*$!
{
	archiveVersion = 1;
	classes = {
	};
	objectVersion = 56;
	objects = {

/* Begin PBXBuildFile section */
		A87525C82BAA82A500927C24 /* PokedexApp.swift in Sources */ = {isa = PBXBuildFile; fileRef = A87525C72BAA82A500927C24 /* PokedexApp.swift */; };
		A87525CA2BAA82A500927C24 /* ContentView.swift in Sources */ = {isa = PBXBuildFile; fileRef = A87525C92BAA82A500927C24 /* ContentView.swift */; };
		A87525CC2BAA82A600927C24 /* Assets.xcassets in Resources */ = {isa = PBXBuildFile; fileRef = A87525CB2BAA82A600927C24 /* Assets.xcassets */; };
		A87525CF2BAA82A600927C24 /* Preview Assets.xcassets in Resources */ = {isa = PBXBuildFile; fileRef = A87525CE2BAA82A600927C24 /* Preview Assets.xcassets */; };
		A87525D92BAA836C00927C24 /* PokemonCell.swift in Sources */ = {isa = PBXBuildFile; fileRef = A87525D82BAA836C00927C24 /* PokemonCell.swift */; };
		A87525DC2BAA856A00927C24 /* pokemon.json in Resources */ = {isa = PBXBuildFile; fileRef = A87525DB2BAA856A00927C24 /* pokemon.json */; };
		A87525DF2BAA867200927C24 /* Helpers.swift in Sources */ = {isa = PBXBuildFile; fileRef = A87525DE2BAA867200927C24 /* Helpers.swift */; };
		A87525E12BAAA32500927C24 /* PokemonModel.swift in Sources */ = {isa = PBXBuildFile; fileRef = A87525E02BAAA32500927C24 /* PokemonModel.swift */; };
		A87525E42BAAA55600927C24 /* ViewModel.swift in Sources */ = {isa = PBXBuildFile; fileRef = A87525E32BAAA55600927C24 /* ViewModel.swift */; };
		A87525E72BAAA58900927C24 /* PokemonManager.swift in Sources */ = {isa = PBXBuildFile; fileRef = A87525E62BAAA58900927C24 /* PokemonManager.swift */; };
		A87525E92BAAB43200927C24 /* PokemonDetailView.swift in Sources */ = {isa = PBXBuildFile; fileRef = A87525E82BAAB43200927C24 /* PokemonDetailView.swift */; };
		A87525EB2BAAB6F400927C24 /* PokemonView.swift in Sources */ = {isa = PBXBuildFile; fileRef = A87525EA2BAAB6F400927C24 /* PokemonView.swift */; };
/* End PBXBuildFile section */

/* Begin PBXFileReference section */
		A87525C42BAA82A500927C24 /* Pokedex.app */ = {isa = PBXFileReference; explicitFileType = wrapper.application; includeInIndex = 0; path = Pokedex.app; sourceTree = BUILT_PRODUCTS_DIR; };
		A87525C72BAA82A500927C24 /* PokedexApp.swift */ = {isa = PBXFileReference; lastKnownFileType = sourcecode.swift; path = PokedexApp.swift; sourceTree = "<group>"; };
		A87525C92BAA82A500927C24 /* ContentView.swift */ = {isa = PBXFileReference; lastKnownFileType = sourcecode.swift; path = ContentView.swift; sourceTree = "<group>"; };
		A87525CB2BAA82A600927C24 /* Assets.xcassets */ = {isa = PBXFileReference; lastKnownFileType = folder.assetcatalog; path = Assets.xcassets; sourceTree = "<group>"; };
		A87525CE2BAA82A600927C24 /* Preview Assets.xcassets */ = {isa = PBXFileReference; lastKnownFileType = folder.assetcatalog; path = "Preview Assets.xcassets"; sourceTree = "<group>"; };
		A87525D82BAA836C00927C24 /* PokemonCell.swift */ = {isa = PBXFileReference; lastKnownFileType = sourcecode.swift; path = PokemonCell.swift; sourceTree = "<group>"; };
		A87525DB2BAA856A00927C24 /* pokemon.json */ = {isa = PBXFileReference; lastKnownFileType = text.json; path = pokemon.json; sourceTree = "<group>"; };
		A87525DE2BAA867200927C24 /* Helpers.swift */ = {isa = PBXFileReference; lastKnownFileType = sourcecode.swift; path = Helpers.swift; sourceTree = "<group>"; };
		A87525E02BAAA32500927C24 /* PokemonModel.swift */ = {isa = PBXFileReference; lastKnownFileType = sourcecode.swift; path = PokemonModel.swift; sourceTree = "<group>"; };
		A87525E32BAAA55600927C24 /* ViewModel.swift */ = {isa = PBXFileReference; lastKnownFileType = sourcecode.swift; path = ViewModel.swift; sourceTree = "<group>"; };
		A87525E62BAAA58900927C24 /* PokemonManager.swift */ = {isa = PBXFileReference; lastKnownFileType = sourcecode.swift; path = PokemonManager.swift; sourceTree = "<group>"; };
		A87525E82BAAB43200927C24 /* PokemonDetailView.swift */ = {isa = PBXFileReference; lastKnownFileType = sourcecode.swift; path = PokemonDetailView.swift; sourceTree = "<group>"; };
		A87525EA2BAAB6F400927C24 /* PokemonView.swift */ = {isa = PBXFileReference; lastKnownFileType = sourcecode.swift; path = PokemonView.swift; sourceTree = "<group>"; };
/* End PBXFileReference section */

/* Begin PBXFrameworksBuildPhase section */
		A87525C12BAA82A500927C24 /* Frameworks */ = {
			isa = PBXFrameworksBuildPhase;
			buildActionMask = 2147483647;
			files = (
			);
			runOnlyForDeploymentPostprocessing = 0;
		};
/* End PBXFrameworksBuildPhase section */

/* Begin PBXGroup section */
		A87525BB2BAA82A500927C24 = {
			isa = PBXGroup;
			children = (
				A87525C62BAA82A500927C24 /* Pokedex */,
				A87525C52BAA82A500927C24 /* Products */,
			);
			sourceTree = "<group>";
		};
		A87525C52BAA82A500927C24 /* Products */ = {
			isa = PBXGroup;
			children = (
				A87525C42BAA82A500927C24 /* Pokedex.app */,
			);
			name = Products;
			sourceTree = "<group>";
		};
		A87525C62BAA82A500927C24 /* Pokedex */ = {
			isa = PBXGroup;
			children = (
				A87525E52BAAA57C00927C24 /* Managers */,
				A87525DD2BAA865B00927C24 /* Helpers */,
				A87525DA2BAA854800927C24 /* Data */,
				A87525D62BAA832500927C24 /* View */,
				A87525D72BAA832D00927C24 /* ViewModel */,
				A87525D52BAA831F00927C24 /* Model */,
				A87525C72BAA82A500927C24 /* PokedexApp.swift */,
				A87525CB2BAA82A600927C24 /* Assets.xcassets */,
				A87525CD2BAA82A600927C24 /* Preview Content */,
			);
			path = Pokedex;
			sourceTree = "<group>";
		};
		A87525CD2BAA82A600927C24 /* Preview Content */ = {
			isa = PBXGroup;
			children = (
				A87525CE2BAA82A600927C24 /* Preview Assets.xcassets */,
			);
			path = "Preview Content";
			sourceTree = "<group>";
		};
		A87525D52BAA831F00927C24 /* Model */ = {
			isa = PBXGroup;
			children = (
				A87525E02BAAA32500927C24 /* PokemonModel.swift */,
			);
			path = Model;
			sourceTree = "<group>";
		};
		A87525D62BAA832500927C24 /* View */ = {
			isa = PBXGroup;
			children = (
				A87525C92BAA82A500927C24 /* ContentView.swift */,
				A87525E82BAAB43200927C24 /* PokemonDetailView.swift */,
				A87525EA2BAAB6F400927C24 /* PokemonView.swift */,
				A87525D82BAA836C00927C24 /* PokemonCell.swift */,
			);
			path = View;
			sourceTree = "<group>";
		};
		A87525D72BAA832D00927C24 /* ViewModel */ = {
			isa = PBXGroup;
			children = (
				A87525E32BAAA55600927C24 /* ViewModel.swift */,
			);
			path = ViewModel;
			sourceTree = "<group>";
		};
		A87525DA2BAA854800927C24 /* Data */ = {
			isa = PBXGroup;
			children = (
				A87525DB2BAA856A00927C24 /* pokemon.json */,
			);
			path = Data;
			sourceTree = "<group>";
		};
		A87525DD2BAA865B00927C24 /* Helpers */ = {
			isa = PBXGroup;
			children = (
				A87525DE2BAA867200927C24 /* Helpers.swift */,
			);
			path = Helpers;
			sourceTree = "<group>";
		};
		A87525E52BAAA57C00927C24 /* Managers */ = {
			isa = PBXGroup;
			children = (
				A87525E62BAAA58900927C24 /* PokemonManager.swift */,
			);
			path = Managers;
			sourceTree = "<group>";
		};
/* End PBXGroup section */

/* Begin PBXNativeTarget section */
		A87525C32BAA82A500927C24 /* Pokedex */ = {
			isa = PBXNativeTarget;
			buildConfigurationList = A87525D22BAA82A600927C24 /* Build configuration list for PBXNativeTarget "Pokedex" */;
			buildPhases = (
				A87525C02BAA82A500927C24 /* Sources */,
				A87525C12BAA82A500927C24 /* Frameworks */,
				A87525C22BAA82A500927C24 /* Resources */,
			);
			buildRules = (
			);
			dependencies = (
			);
			name = Pokedex;
			productName = Pokedex;
			productReference = A87525C42BAA82A500927C24 /* Pokedex.app */;
			productType = "com.apple.product-type.application";
		};
/* End PBXNativeTarget section */

/* Begin PBXProject section */
		A87525BC2BAA82A500927C24 /* Project object */ = {
			isa = PBXProject;
			attributes = {
				BuildIndependentTargetsInParallel = 1;
				LastSwiftUpdateCheck = 1530;
				LastUpgradeCheck = 1530;
				TargetAttributes = {
					A87525C32BAA82A500927C24 = {
						CreatedOnToolsVersion = 15.3;
					};
				};
			};
			buildConfigurationList = A87525BF2BAA82A500927C24 /* Build configuration list for PBXProject "Pokedex" */;
			compatibilityVersion = "Xcode 14.0";
			developmentRegion = en;
			hasScannedForEncodings = 0;
			knownRegions = (
				en,
				Base,
			);
			mainGroup = A87525BB2BAA82A500927C24;
			productRefGroup = A87525C52BAA82A500927C24 /* Products */;
			projectDirPath = "";
			projectRoot = "";
			targets = (
				A87525C32BAA82A500927C24 /* Pokedex */,
			);
		};
/* End PBXProject section */

/* Begin PBXResourcesBuildPhase section */
		A87525C22BAA82A500927C24 /* Resources */ = {
			isa = PBXResourcesBuildPhase;
			buildActionMask = 2147483647;
			files = (
				A87525CF2BAA82A600927C24 /* Preview Assets.xcassets in Resources */,
				A87525DC2BAA856A00927C24 /* pokemon.json in Resources */,
				A87525CC2BAA82A600927C24 /* Assets.xcassets in Resources */,
			);
			runOnlyForDeploymentPostprocessing = 0;
		};
/* End PBXResourcesBuildPhase section */

/* Begin PBXSourcesBuildPhase section */
		A87525C02BAA82A500927C24 /* Sources */ = {
			isa = PBXSourcesBuildPhase;
			buildActionMask = 2147483647;
			files = (
				A87525CA2BAA82A500927C24 /* ContentView.swift in Sources */,
				A87525E92BAAB43200927C24 /* PokemonDetailView.swift in Sources */,
				A87525E72BAAA58900927C24 /* PokemonManager.swift in Sources */,
				A87525EB2BAAB6F400927C24 /* PokemonView.swift in Sources */,
				A87525C82BAA82A500927C24 /* PokedexApp.swift in Sources */,
				A87525D92BAA836C00927C24 /* PokemonCell.swift in Sources */,
				A87525E12BAAA32500927C24 /* PokemonModel.swift in Sources */,
				A87525E42BAAA55600927C24 /* ViewModel.swift in Sources */,
				A87525DF2BAA867200927C24 /* Helpers.swift in Sources */,
			);
			runOnlyForDeploymentPostprocessing = 0;
		};
/* End PBXSourcesBuildPhase section */

/* Begin XCBuildConfiguration section */
		A87525D02BAA82A600927C24 /* Debug */ = {
			isa = XCBuildConfiguration;
			buildSettings = {
				ALWAYS_SEARCH_USER_PATHS = NO;
				ASSETCATALOG_COMPILER_GENERATE_SWIFT_ASSET_SYMBOL_EXTENSIONS = YES;
				CLANG_ANALYZER_NONNULL = YES;
				CLANG_ANALYZER_NUMBER_OBJECT_CONVERSION = YES_AGGRESSIVE;
				CLANG_CXX_LANGUAGE_STANDARD = "gnu++20";
				CLANG_ENABLE_MODULES = YES;
				CLANG_ENABLE_OBJC_ARC = YES;
				CLANG_ENABLE_OBJC_WEAK = YES;
				CLANG_WARN_BLOCK_CAPTURE_AUTORELEASING = YES;
				CLANG_WARN_BOOL_CONVERSION = YES;
				CLANG_WARN_COMMA = YES;
				CLANG_WARN_CONSTANT_CONVERSION = YES;
				CLANG_WARN_DEPRECATED_OBJC_IMPLEMENTATIONS = YES;
				CLANG_WARN_DIRECT_OBJC_ISA_USAGE = YES_ERROR;
				CLANG_WARN_DOCUMENTATION_COMMENTS = YES;
				CLANG_WARN_EMPTY_BODY = YES;
				CLANG_WARN_ENUM_CONVERSION = YES;
				CLANG_WARN_INFINITE_RECURSION = YES;
				CLANG_WARN_INT_CONVERSION = YES;
				CLANG_WARN_NON_LITERAL_NULL_CONVERSION = YES;
				CLANG_WARN_OBJC_IMPLICIT_RETAIN_SELF = YES;
				CLANG_WARN_OBJC_LITERAL_CONVERSION = YES;
				CLANG_WARN_OBJC_ROOT_CLASS = YES_ERROR;
				CLANG_WARN_QUOTED_INCLUDE_IN_FRAMEWORK_HEADER = YES;
				CLANG_WARN_RANGE_LOOP_ANALYSIS = YES;
				CLANG_WARN_STRICT_PROTOTYPES = YES;
				CLANG_WARN_SUSPICIOUS_MOVE = YES;
				CLANG_WARN_UNGUARDED_AVAILABILITY = YES_AGGRESSIVE;
				CLANG_WARN_UNREACHABLE_CODE = YES;
				CLANG_WARN__DUPLICATE_METHOD_MATCH = YES;
				COPY_PHASE_STRIP = NO;
				DEBUG_INFORMATION_FORMAT = dwarf;
				ENABLE_STRICT_OBJC_MSGSEND = YES;
				ENABLE_TESTABILITY = YES;
				ENABLE_USER_SCRIPT_SANDBOXING = YES;
				GCC_C_LANGUAGE_STANDARD = gnu17;
				GCC_DYNAMIC_NO_PIC = NO;
				GCC_NO_COMMON_BLOCKS = YES;
				GCC_OPTIMIZATION_LEVEL = 0;
				GCC_PREPROCESSOR_DEFINITIONS = (
					"DEBUG=1",
					"$(inherited)",
				);
				GCC_WARN_64_TO_32_BIT_CONVERSION = YES;
				GCC_WARN_ABOUT_RETURN_TYPE = YES_ERROR;
				GCC_WARN_UNDECLARED_SELECTOR = YES;
				GCC_WARN_UNINITIALIZED_AUTOS = YES_AGGRESSIVE;
				GCC_WARN_UNUSED_FUNCTION = YES;
				GCC_WARN_UNUSED_VARIABLE = YES;
				IPHONEOS_DEPLOYMENT_TARGET = 17.4;
				LOCALIZATION_PREFERS_STRING_CATALOGS = YES;
				MTL_ENABLE_DEBUG_INFO = INCLUDE_SOURCE;
				MTL_FAST_MATH = YES;
				ONLY_ACTIVE_ARCH = YES;
				SDKROOT = iphoneos;
				SWIFT_ACTIVE_COMPILATION_CONDITIONS = "DEBUG $(inherited)";
				SWIFT_OPTIMIZATION_LEVEL = "-Onone";
			};
			name = Debug;
		};
		A87525D12BAA82A600927C24 /* Release */ = {
			isa = XCBuildConfiguration;
			buildSettings = {
				ALWAYS_SEARCH_USER_PATHS = NO;
				ASSETCATALOG_COMPILER_GENERATE_SWIFT_ASSET_SYMBOL_EXTENSIONS = YES;
				CLANG_ANALYZER_NONNULL = YES;
				CLANG_ANALYZER_NUMBER_OBJECT_CONVERSION = YES_AGGRESSIVE;
				CLANG_CXX_LANGUAGE_STANDARD = "gnu++20";
				CLANG_ENABLE_MODULES = YES;
				CLANG_ENABLE_OBJC_ARC = YES;
				CLANG_ENABLE_OBJC_WEAK = YES;
				CLANG_WARN_BLOCK_CAPTURE_AUTORELEASING = YES;
				CLANG_WARN_BOOL_CONVERSION = YES;
				CLANG_WARN_COMMA = YES;
				CLANG_WARN_CONSTANT_CONVERSION = YES;
				CLANG_WARN_DEPRECATED_OBJC_IMPLEMENTATIONS = YES;
				CLANG_WARN_DIRECT_OBJC_ISA_USAGE = YES_ERROR;
				CLANG_WARN_DOCUMENTATION_COMMENTS = YES;
				CLANG_WARN_EMPTY_BODY = YES;
				CLANG_WARN_ENUM_CONVERSION = YES;
				CLANG_WARN_INFINITE_RECURSION = YES;
				CLANG_WARN_INT_CONVERSION = YES;
				CLANG_WARN_NON_LITERAL_NULL_CONVERSION = YES;
				CLANG_WARN_OBJC_IMPLICIT_RETAIN_SELF = YES;
				CLANG_WARN_OBJC_LITERAL_CONVERSION = YES;
				CLANG_WARN_OBJC_ROOT_CLASS = YES_ERROR;
				CLANG_WARN_QUOTED_INCLUDE_IN_FRAMEWORK_HEADER = YES;
				CLANG_WARN_RANGE_LOOP_ANALYSIS = YES;
				CLANG_WARN_STRICT_PROTOTYPES = YES;
				CLANG_WARN_SUSPICIOUS_MOVE = YES;
				CLANG_WARN_UNGUARDED_AVAILABILITY = YES_AGGRESSIVE;
				CLANG_WARN_UNREACHABLE_CODE = YES;
				CLANG_WARN__DUPLICATE_METHOD_MATCH = YES;
				COPY_PHASE_STRIP = NO;
				DEBUG_INFORMATION_FORMAT = "dwarf-with-dsym";
				ENABLE_NS_ASSERTIONS = NO;
				ENABLE_STRICT_OBJC_MSGSEND = YES;
				ENABLE_USER_SCRIPT_SANDBOXING = YES;
				GCC_C_LANGUAGE_STANDARD = gnu17;
				GCC_NO_COMMON_BLOCKS = YES;
				GCC_WARN_64_TO_32_BIT_CONVERSION = YES;
				GCC_WARN_ABOUT_RETURN_TYPE = YES_ERROR;
				GCC_WARN_UNDECLARED_SELECTOR = YES;
				GCC_WARN_UNINITIALIZED_AUTOS = YES_AGGRESSIVE;
				GCC_WARN_UNUSED_FUNCTION = YES;
				GCC_WARN_UNUSED_VARIABLE = YES;
				IPHONEOS_DEPLOYMENT_TARGET = 17.4;
				LOCALIZATION_PREFERS_STRING_CATALOGS = YES;
				MTL_ENABLE_DEBUG_INFO = NO;
				MTL_FAST_MATH = YES;
				SDKROOT = iphoneos;
				SWIFT_COMPILATION_MODE = wholemodule;
				VALIDATE_PRODUCT = YES;
			};
			name = Release;
		};
		A87525D32BAA82A600927C24 /* Debug */ = {
			isa = XCBuildConfiguration;
			buildSettings = {
				ASSETCATALOG_COMPILER_APPICON_NAME = AppIcon;
				ASSETCATALOG_COMPILER_GLOBAL_ACCENT_COLOR_NAME = AccentColor;
				CODE_SIGN_STYLE = Automatic;
				CURRENT_PROJECT_VERSION = 1;
				DEVELOPMENT_ASSET_PATHS = "\"Pokedex/Preview Content\"";
				DEVELOPMENT_TEAM = ZNWUG5VYXT;
				ENABLE_PREVIEWS = YES;
				GENERATE_INFOPLIST_FILE = YES;
				INFOPLIST_KEY_UIApplicationSceneManifest_Generation = YES;
				INFOPLIST_KEY_UIApplicationSupportsIndirectInputEvents = YES;
				INFOPLIST_KEY_UILaunchScreen_Generation = YES;
				INFOPLIST_KEY_UISupportedInterfaceOrientations_iPad = "UIInterfaceOrientationPortrait UIInterfaceOrientationPortraitUpsideDown UIInterfaceOrientationLandscapeLeft UIInterfaceOrientationLandscapeRight";
				INFOPLIST_KEY_UISupportedInterfaceOrientations_iPhone = "UIInterfaceOrientationPortrait UIInterfaceOrientationLandscapeLeft UIInterfaceOrientationLandscapeRight";
				LD_RUNPATH_SEARCH_PATHS = (
					"$(inherited)",
					"@executable_path/Frameworks",
				);
				MARKETING_VERSION = 1.0;
				PRODUCT_BUNDLE_IDENTIFIER = com.luiscalvillo.Pokedex;
				PRODUCT_NAME = "$(TARGET_NAME)";
				SWIFT_EMIT_LOC_STRINGS = YES;
				SWIFT_VERSION = 5.0;
				TARGETED_DEVICE_FAMILY = "1,2";
			};
			name = Debug;
		};
		A87525D42BAA82A600927C24 /* Release */ = {
			isa = XCBuildConfiguration;
			buildSettings = {
				ASSETCATALOG_COMPILER_APPICON_NAME = AppIcon;
				ASSETCATALOG_COMPILER_GLOBAL_ACCENT_COLOR_NAME = AccentColor;
				CODE_SIGN_STYLE = Automatic;
				CURRENT_PROJECT_VERSION = 1;
				DEVELOPMENT_ASSET_PATHS = "\"Pokedex/Preview Content\"";
				DEVELOPMENT_TEAM = ZNWUG5VYXT;
				ENABLE_PREVIEWS = YES;
				GENERATE_INFOPLIST_FILE = YES;
				INFOPLIST_KEY_UIApplicationSceneManifest_Generation = YES;
				INFOPLIST_KEY_UIApplicationSupportsIndirectInputEvents = YES;
				INFOPLIST_KEY_UILaunchScreen_Generation = YES;
				INFOPLIST_KEY_UISupportedInterfaceOrientations_iPad = "UIInterfaceOrientationPortrait UIInterfaceOrientationPortraitUpsideDown UIInterfaceOrientationLandscapeLeft UIInterfaceOrientationLandscapeRight";
				INFOPLIST_KEY_UISupportedInterfaceOrientations_iPhone = "UIInterfaceOrientationPortrait UIInterfaceOrientationLandscapeLeft UIInterfaceOrientationLandscapeRight";
				LD_RUNPATH_SEARCH_PATHS = (
					"$(inherited)",
					"@executable_path/Frameworks",
				);
				MARKETING_VERSION = 1.0;
				PRODUCT_BUNDLE_IDENTIFIER = com.luiscalvillo.Pokedex;
				PRODUCT_NAME = "$(TARGET_NAME)";
				SWIFT_EMIT_LOC_STRINGS = YES;
				SWIFT_VERSION = 5.0;
				TARGETED_DEVICE_FAMILY = "1,2";
			};
			name = Release;
		};
/* End XCBuildConfiguration section */

/* Begin XCConfigurationList section */
		A87525BF2BAA82A500927C24 /* Build configuration list for PBXProject "Pokedex" */ = {
			isa = XCConfigurationList;
			buildConfigurations = (
				A87525D02BAA82A600927C24 /* Debug */,
				A87525D12BAA82A600927C24 /* Release */,
			);
			defaultConfigurationIsVisible = 0;
			defaultConfigurationName = Release;
		};
		A87525D22BAA82A600927C24 /* Build configuration list for PBXNativeTarget "Pokedex" */ = {
			isa = XCConfigurationList;
			buildConfigurations = (
				A87525D32BAA82A600927C24 /* Debug */,
				A87525D42BAA82A600927C24 /* Release */,
			);
			defaultConfigurationIsVisible = 0;
			defaultConfigurationName = Release;
		};
/* End XCConfigurationList section */
	};
	rootObject = A87525BC2BAA82A500927C24 /* Project object */;
}
